
Microsoft Visual Studio Solution File, Format Version 11.00
# Visual Studio 2010
Project("{FAE04EC0-301F-11D3-BF4B-00C04F79EFBC}") = "wireloop-tao", "Assembly-CSharp.csproj", "{46B3B641-51C7-E381-88D2-00CE6062060E}"
EndProject
Project("{FAE04EC0-301F-11D3-BF4B-00C04F79EFBC}") = "wireloop-tao", "Assembly-CSharp-Editor.csproj", "{895F3FF2-CE61-80F8-DE3D-63CCD34BD007}"
EndProject
Global
	GlobalSection(SolutionConfigurationPlatforms) = preSolution
		Debug|Any CPU = Debug|Any CPU
		Release|Any CPU = Release|Any CPU
	EndGlobalSection
	GlobalSection(ProjectConfigurationPlatforms) = postSolution
		{46B3B641-51C7-E381-88D2-00CE6062060E}.Debug|Any CPU.ActiveCfg = Debug|Any CPU
		{46B3B641-51C7-E381-88D2-00CE6062060E}.Debug|Any CPU.Build.0 = Debug|Any CPU
		{46B3B641-51C7-E381-88D2-00CE6062060E}.Release|Any CPU.ActiveCfg = Release|Any CPU
		{46B3B641-51C7-E381-88D2-00CE6062060E}.Release|Any CPU.Build.0 = Release|Any CPU
		{895F3FF2-CE61-80F8-DE3D-63CCD34BD007}.Debug|Any CPU.ActiveCfg = Debug|Any CPU
		{895F3FF2-CE61-80F8-DE3D-63CCD34BD007}.Debug|Any CPU.Build.0 = Debug|Any CPU
		{895F3FF2-CE61-80F8-DE3D-63CCD34BD007}.Release|Any CPU.ActiveCfg = Release|Any CPU
		{895F3FF2-CE61-80F8-DE3D-63CCD34BD007}.Release|Any CPU.Build.0 = Release|Any CPU
	EndGlobalSection
	GlobalSection(SolutionProperties) = preSolution
		HideSolutionNode = FALSE
	EndGlobalSection
	GlobalSection(MonoDevelopProperties) = preSolution
		StartupItem = Assembly-CSharp.csproj
	EndGlobalSection
EndGlobal
