
Microsoft Visual Studio Solution File, Format Version 11.00
# Visual Studio 2010
Project("{FAE04EC0-301F-11D3-BF4B-00C04F79EFBC}") = "WireLoop-xirui1 3", "Assembly-CSharp.csproj", "{6A139DA6-F0DF-2CB5-116B-8DBAEC06D7B1}"
EndProject
Project("{78572BAB-CC89-D67B-7FDE-7BCB9816B067}") = "WireLoop-xirui1 3", "Assembly-UnityScript.unityproj", "{42925FC9-7589-B0A4-3E71-46652E5C93B2}"
EndProject
Project("{FAE04EC0-301F-11D3-BF4B-00C04F79EFBC}") = "WireLoop-xirui1 3", "Assembly-CSharp-Editor.csproj", "{8E8EC65A-D992-06AC-BDDF-C2A6ADDCAE3A}"
EndProject
Global
	GlobalSection(SolutionConfigurationPlatforms) = preSolution
		Debug|Any CPU = Debug|Any CPU
		Release|Any CPU = Release|Any CPU
	EndGlobalSection
	GlobalSection(ProjectConfigurationPlatforms) = postSolution
		{6A139DA6-F0DF-2CB5-116B-8DBAEC06D7B1}.Debug|Any CPU.ActiveCfg = Debug|Any CPU
		{6A139DA6-F0DF-2CB5-116B-8DBAEC06D7B1}.Debug|Any CPU.Build.0 = Debug|Any CPU
		{6A139DA6-F0DF-2CB5-116B-8DBAEC06D7B1}.Release|Any CPU.ActiveCfg = Release|Any CPU
		{6A139DA6-F0DF-2CB5-116B-8DBAEC06D7B1}.Release|Any CPU.Build.0 = Release|Any CPU
		{42925FC9-7589-B0A4-3E71-46652E5C93B2}.Debug|Any CPU.ActiveCfg = Debug|Any CPU
		{42925FC9-7589-B0A4-3E71-46652E5C93B2}.Debug|Any CPU.Build.0 = Debug|Any CPU
		{42925FC9-7589-B0A4-3E71-46652E5C93B2}.Release|Any CPU.ActiveCfg = Release|Any CPU
		{42925FC9-7589-B0A4-3E71-46652E5C93B2}.Release|Any CPU.Build.0 = Release|Any CPU
		{8E8EC65A-D992-06AC-BDDF-C2A6ADDCAE3A}.Debug|Any CPU.ActiveCfg = Debug|Any CPU
		{8E8EC65A-D992-06AC-BDDF-C2A6ADDCAE3A}.Debug|Any CPU.Build.0 = Debug|Any CPU
		{8E8EC65A-D992-06AC-BDDF-C2A6ADDCAE3A}.Release|Any CPU.ActiveCfg = Release|Any CPU
		{8E8EC65A-D992-06AC-BDDF-C2A6ADDCAE3A}.Release|Any CPU.Build.0 = Release|Any CPU
	EndGlobalSection
	GlobalSection(SolutionProperties) = preSolution
		HideSolutionNode = FALSE
	EndGlobalSection
	GlobalSection(MonoDevelopProperties) = preSolution
		StartupItem = Assembly-CSharp.csproj
	EndGlobalSection
EndGlobal
